
Microsoft Visual Studio Solution File, Format Version 12.00
# Visual Studio Version 16
VisualStudioVersion = 16.0.31410.357
MinimumVisualStudioVersion = 10.0.40219.1
Project("{FAE04EC0-301F-11D3-BF4B-00C04F79EFBC}") = "WindowsDetectionTool", "WindowsDetectionTool.csproj", "{EAD0EFA0-DE97-419E-83AC-207597B2DE68}"
EndProject
Global
	GlobalSection(SolutionConfigurationPlatforms) = preSolution
		Debug|Any CPU = Debug|Any CPU
		Release|Any CPU = Release|Any CPU
	EndGlobalSection
	GlobalSection(ProjectConfigurationPlatforms) = postSolution
		{EAD0EFA0-DE97-419E-83AC-207597B2DE68}.Debug|Any CPU.ActiveCfg = Debug|Any CPU
		{EAD0EFA0-DE97-419E-83AC-207597B2DE68}.Debug|Any CPU.Build.0 = Debug|Any CPU
		{EAD0EFA0-DE97-419E-83AC-207597B2DE68}.Release|Any CPU.ActiveCfg = Release|Any CPU
		{EAD0EFA0-DE97-419E-83AC-207597B2DE68}.Release|Any CPU.Build.0 = Release|Any CPU
	EndGlobalSection
	GlobalSection(SolutionProperties) = preSolution
		HideSolutionNode = FALSE
	EndGlobalSection
	GlobalSection(ExtensibilityGlobals) = postSolution
		SolutionGuid = {2B2EE6CC-3D80-422B-B619-D8083D2ADB84}
	EndGlobalSection
EndGlobal
